
Microsoft Visual Studio Solution File, Format Version 12.00
# Visual Studio Version 17
VisualStudioVersion = 17.3.32922.545
MinimumVisualStudioVersion = 10.0.40219.1
Project("{FAE04EC0-301F-11D3-BF4B-00C04F79EFBC}") = "PrySP2Ferrocarril-Cantallops", "PrySP2Ferrocarril-Cantallops.csproj", "{15FD7293-F895-48D8-8642-B624CFC8A070}"
EndProject
Global
	GlobalSection(SolutionConfigurationPlatforms) = preSolution
		Debug|Any CPU = Debug|Any CPU
		Release|Any CPU = Release|Any CPU
	EndGlobalSection
	GlobalSection(ProjectConfigurationPlatforms) = postSolution
		{15FD7293-F895-48D8-8642-B624CFC8A070}.Debug|Any CPU.ActiveCfg = Debug|Any CPU
		{15FD7293-F895-48D8-8642-B624CFC8A070}.Debug|Any CPU.Build.0 = Debug|Any CPU
		{15FD7293-F895-48D8-8642-B624CFC8A070}.Release|Any CPU.ActiveCfg = Release|Any CPU
		{15FD7293-F895-48D8-8642-B624CFC8A070}.Release|Any CPU.Build.0 = Release|Any CPU
	EndGlobalSection
	GlobalSection(SolutionProperties) = preSolution
		HideSolutionNode = FALSE
	EndGlobalSection
	GlobalSection(ExtensibilityGlobals) = postSolution
		SolutionGuid = {FB944C6A-5AAC-4749-A297-FA22D6ACE6BD}
	EndGlobalSection
EndGlobal
